# This file is autogenerated, do not edit; changes may be undone by the next 'dep ensure'.


[[projects]]
  name = "github.com/golang/protobuf"
  packages = ["proto","protoc-gen-go","protoc-gen-go/descriptor","protoc-gen-go/generator","protoc-gen-go/grpc","protoc-gen-go/plugin","ptypes","ptypes/any","ptypes/duration","ptypes/timestamp"]
  revision = "1e59b77b52bf8e4b449a57e6f79f21226d571845"

[[projects]]
  branch = "master"
  name = "golang.org/x/net"
  packages = ["context","http2","http2/hpack","idna","internal/timeseries","lex/httplex","trace"]
  revision = "a8b9294777976932365dabb6640cf1468d95c70f"

[[projects]]
  branch = "master"
  name = "golang.org/x/text"
  packages = ["collate","collate/build","internal/colltab","internal/gen","internal/tag","internal/triegen","internal/ucd","language","secure/bidirule","transform","unicode/bidi","unicode/cldr","unicode/norm","unicode/rangetable"]
  revision = "75cc3cad82b5f47d3fb229ddda8c5167da14f294"

[[projects]]
  branch = "master"
  name = "google.golang.org/genproto"
  packages = ["googleapis/rpc/status"]
  revision = "7f0da29060c682909f650ad8ed4e515bd74fa12a"

[[projects]]
  name = "google.golang.org/grpc"
  packages = [".","balancer","balancer/roundrobin","codes","connectivity","credentials","encoding","grpclb/grpc_lb_v1/messages","grpclog","internal","keepalive","metadata","naming","peer","resolver","resolver/dns","resolver/passthrough","stats","status","tap","transport"]
  revision = "5a9f7b402fe85096d2e1d0383435ee1876e863d0"
  version = "v1.8.0"

[solve-meta]
  analyzer-name = "dep"
  analyzer-version = 1
  inputs-digest = "dd3763616da21730cc11229759a95963e63fd2d082ddb2975279d5a4711b9149"
  solver-name = "gps-cdcl"
  solver-version = 1
